
Microsoft Visual Studio Solution File, Format Version 12.00
# Visual Studio Version 16
VisualStudioVersion = 16.0.31424.327
MinimumVisualStudioVersion = 10.0.40219.1
Project("{FAE04EC0-301F-11D3-BF4B-00C04F79EFBC}") = "EServicesCms", "EServicesCms\EServicesCms.csproj", "{CA60BF60-453D-412F-B5F4-B82637C4DC06}"
EndProject
Global
	GlobalSection(SolutionConfigurationPlatforms) = preSolution
		Debug|Any CPU = Debug|Any CPU
		Release|Any CPU = Release|Any CPU
	EndGlobalSection
	GlobalSection(ProjectConfigurationPlatforms) = postSolution
		{CA60BF60-453D-412F-B5F4-B82637C4DC06}.Debug|Any CPU.ActiveCfg = Debug|Any CPU
		{CA60BF60-453D-412F-B5F4-B82637C4DC06}.Debug|Any CPU.Build.0 = Debug|Any CPU
		{CA60BF60-453D-412F-B5F4-B82637C4DC06}.Release|Any CPU.ActiveCfg = Release|Any CPU
		{CA60BF60-453D-412F-B5F4-B82637C4DC06}.Release|Any CPU.Build.0 = Release|Any CPU
	EndGlobalSection
	GlobalSection(SolutionProperties) = preSolution
		HideSolutionNode = FALSE
	EndGlobalSection
	GlobalSection(ExtensibilityGlobals) = postSolution
		SolutionGuid = {E86552DA-E5DB-4CD1-97E3-0E77FD9E0154}
	EndGlobalSection
EndGlobal
